
Microsoft Visual Studio Solution File, Format Version 12.00
# Visual Studio 15
VisualStudioVersion = 15.0.26730.12
MinimumVisualStudioVersion = 10.0.40219.1
Project("{FAE04EC0-301F-11D3-BF4B-00C04F79EFBC}") = "TestOpenCV", "TestOpenCV\TestOpenCV.csproj", "{FC68C57F-9330-4C07-AE53-257540D4EC0A}"
EndProject
Global
	GlobalSection(SolutionConfigurationPlatforms) = preSolution
		Debug|Any CPU = Debug|Any CPU
		Release|Any CPU = Release|Any CPU
	EndGlobalSection
	GlobalSection(ProjectConfigurationPlatforms) = postSolution
		{FC68C57F-9330-4C07-AE53-257540D4EC0A}.Debug|Any CPU.ActiveCfg = Debug|Any CPU
		{FC68C57F-9330-4C07-AE53-257540D4EC0A}.Debug|Any CPU.Build.0 = Debug|Any CPU
		{FC68C57F-9330-4C07-AE53-257540D4EC0A}.Release|Any CPU.ActiveCfg = Release|Any CPU
		{FC68C57F-9330-4C07-AE53-257540D4EC0A}.Release|Any CPU.Build.0 = Release|Any CPU
	EndGlobalSection
	GlobalSection(SolutionProperties) = preSolution
		HideSolutionNode = FALSE
	EndGlobalSection
	GlobalSection(ExtensibilityGlobals) = postSolution
		SolutionGuid = {5F258245-D1BC-43CA-B6D9-C22FC7FA7B74}
	EndGlobalSection
EndGlobal
