
Microsoft Visual Studio Solution File, Format Version 12.00
# Visual Studio 2017
Project("{FAE04EC0-301F-11D3-BF4B-00C04F79EFBC}") = "HoloCube v3", "HoloCube v3.csproj", "{99195658-98DF-F335-D60F-3FBD05E9BBF3}"
EndProject
Project("{FAE04EC0-301F-11D3-BF4B-00C04F79EFBC}") = "HoloCube v3.Editor", "HoloCube v3.Editor.csproj", "{6D900E2C-29F6-23EE-9CF4-40D30DF63D59}"
EndProject
Global
	GlobalSection(SolutionConfigurationPlatforms) = preSolution
		Debug|Any CPU = Debug|Any CPU
		Release|Any CPU = Release|Any CPU
	EndGlobalSection
	GlobalSection(ProjectConfigurationPlatforms) = postSolution
		{99195658-98DF-F335-D60F-3FBD05E9BBF3}.Debug|Any CPU.ActiveCfg = Debug|Any CPU
		{99195658-98DF-F335-D60F-3FBD05E9BBF3}.Debug|Any CPU.Build.0 = Debug|Any CPU
		{99195658-98DF-F335-D60F-3FBD05E9BBF3}.Release|Any CPU.ActiveCfg = Release|Any CPU
		{99195658-98DF-F335-D60F-3FBD05E9BBF3}.Release|Any CPU.Build.0 = Release|Any CPU
		{6D900E2C-29F6-23EE-9CF4-40D30DF63D59}.Debug|Any CPU.ActiveCfg = Debug|Any CPU
		{6D900E2C-29F6-23EE-9CF4-40D30DF63D59}.Debug|Any CPU.Build.0 = Debug|Any CPU
		{6D900E2C-29F6-23EE-9CF4-40D30DF63D59}.Release|Any CPU.ActiveCfg = Release|Any CPU
		{6D900E2C-29F6-23EE-9CF4-40D30DF63D59}.Release|Any CPU.Build.0 = Release|Any CPU
	EndGlobalSection
	GlobalSection(SolutionProperties) = preSolution
		HideSolutionNode = FALSE
	EndGlobalSection
EndGlobal
